<?xml version="1.0" encoding="utf-8"?>
<Project ToolsVersion="4.0" xmlns="http://schemas.microsoft.com/developer/msbuild/2003">
  <ItemGroup>
    <Filter Include="Source Files">
      <UniqueIdentifier>{4FC737F1-C7A5-4376-A066-2A32D752A2FF}</UniqueIdentifier>
      <Extensions>cpp;c;cc;cxx;c++;cppm;ixx;def;odl;idl;hpj;bat;asm;asmx</Extensions>
    </Filter>
    <Filter Include="Header Files">
      <UniqueIdentifier>{93995380-89BD-4b04-88EB-625FBE52EBFB}</UniqueIdentifier>
      <Extensions>h;hh;hpp;hxx;h++;hm;inl;inc;ipp;xsd</Extensions>
    </Filter>
    <Filter Include="Resource Files">
      <UniqueIdentifier>{67DA6AB6-F800-4c08-8B7A-83BB121AAD01}</UniqueIdentifier>
      <Extensions>rc;ico;cur;bmp;dlg;rc2;rct;bin;rgs;gif;jpg;jpeg;jpe;resx;tiff;tif;png;wav;mfcribbon-ms</Extensions>
    </Filter>
    <Filter Include="Source Files\Systems">
      <UniqueIdentifier>{ab71ea72-0d61-4597-b524-7a5798cd08d6}</UniqueIdentifier>
    </Filter>
    <Filter Include="Source Files\Components">
      <UniqueIdentifier>{3921f2cb-3f1a-4d11-b2e0-bed4ccbd4eac}</UniqueIdentifier>
    </Filter>
    <Filter Include="Source Files\Entity">
      <UniqueIdentifier>{c5589f2e-69ca-46f7-9c87-3c0627e85562}</UniqueIdentifier>
    </Filter>
    <Filter Include="Source Files\Scenes">
      <UniqueIdentifier>{bcacf3c6-9669-4ae1-bc50-a52d2b5f35f5}</UniqueIdentifier>
    </Filter>
    <Filter Include="Source Files\Assets">
      <UniqueIdentifier>{54b53edb-996c-4cc4-82d1-99458dc60487}</UniqueIdentifier>
    </Filter>
  </ItemGroup>
  <ItemGroup>
    <ClCompile Include="main.cpp">
      <Filter>Source Files</Filter>
    </ClCompile>
    <ClCompile Include="filereader.cpp">
      <Filter>Source Files\Systems</Filter>
    </ClCompile>
    <ClCompile Include="Game.cpp">
      <Filter>Source Files</Filter>
    </ClCompile>
    <ClCompile Include="Scene_Menu.cpp">
      <Filter>Source Files\Scenes</Filter>
    </ClCompile>
    <ClCompile Include="Scene_Game.cpp">
      <Filter>Source Files\Scenes</Filter>
    </ClCompile>
    <ClCompile Include="Scene_GameOver.cpp">
      <Filter>Source Files\Scenes</Filter>
    </ClCompile>
    <ClCompile Include="Entity.cpp">
      <Filter>Source Files\Entity</Filter>
    </ClCompile>
    <ClCompile Include="Coin.cpp">
      <Filter>Source Files\Entity</Filter>
    </ClCompile>
    <ClCompile Include="Enemy.cpp">
      <Filter>Source Files\Entity</Filter>
    </ClCompile>
    <ClCompile Include="Player.cpp">
      <Filter>Source Files\Entity</Filter>
    </ClCompile>
    <ClCompile Include="Platform.cpp">
      <Filter>Source Files\Entity</Filter>
    </ClCompile>
    <ClCompile Include="Projectile.cpp">
      <Filter>Source Files\Entity</Filter>
    </ClCompile>
    <ClCompile Include="PowerUps.cpp">
      <Filter>Source Files\Entity</Filter>
    </ClCompile>
    <ClCompile Include="Particle.cpp">
      <Filter>Source Files\Entity</Filter>
    </ClCompile>
    <ClCompile Include="EntityManager.cpp">
      <Filter>Source Files\Entity</Filter>
    </ClCompile>
    <ClCompile Include="SMovement.cpp">
      <Filter>Source Files\Systems</Filter>
    </ClCompile>
    <ClCompile Include="SRender.cpp">
      <Filter>Source Files\Systems</Filter>
    </ClCompile>
    <ClCompile Include="System.cpp">
      <Filter>Source Files\Systems</Filter>
    </ClCompile>
    <ClCompile Include="SPhysics.cpp">
      <Filter>Source Files\Systems</Filter>
    </ClCompile>
    <ClCompile Include="SGravity.cpp">
      <Filter>Source Files\Systems</Filter>
    </ClCompile>
    <ClCompile Include="SAnimation.cpp">
      <Filter>Source Files\Systems</Filter>
    </ClCompile>
    <ClCompile Include="SCollision.cpp">
      <Filter>Source Files\Systems</Filter>
    </ClCompile>
    <ClCompile Include="SHitbox.cpp">
      <Filter>Source Files\Systems</Filter>
    </ClCompile>
    <ClCompile Include="SLifespan.cpp">
      <Filter>Source Files\Systems</Filter>
    </ClCompile>
    <ClCompile Include="SGameState.cpp">
      <Filter>Source Files\Systems</Filter>
    </ClCompile>
    <ClCompile Include="SSound.cpp">
      <Filter>Source Files\Systems</Filter>
    </ClCompile>
    <ClCompile Include="SScore.cpp">
      <Filter>Source Files\Systems</Filter>
    </ClCompile>
    <ClCompile Include="SInput.cpp">
      <Filter>Source Files\Systems</Filter>
    </ClCompile>
    <ClCompile Include="Assetsmanager.cpp">
      <Filter>Source Files\Assets</Filter>
    </ClCompile>
  </ItemGroup>
  <ItemGroup>
    <ClInclude Include="filereader.h">
      <Filter>Source Files\Systems</Filter>
    </ClInclude>
    <ClInclude Include="CTransform.h">
      <Filter>Source Files\Components</Filter>
    </ClInclude>
    <ClInclude Include="CGravity.h">
      <Filter>Source Files\Components</Filter>
    </ClInclude>
    <ClInclude Include="CPhysiscs.h">
      <Filter>Source Files\Components</Filter>
    </ClInclude>
    <ClInclude Include="CSprite.h">
      <Filter>Source Files\Components</Filter>
    </ClInclude>
    <ClInclude Include="CState.h">
      <Filter>Source Files\Components</Filter>
    </ClInclude>
    <ClInclude Include="CAI.h">
      <Filter>Source Files\Components</Filter>
    </ClInclude>
    <ClInclude Include="CAnimation.h">
      <Filter>Source Files\Components</Filter>
    </ClInclude>
    <ClInclude Include="CBoxCollider.h">
      <Filter>Source Files\Components</Filter>
    </ClInclude>
    <ClInclude Include="CHealth.h">
      <Filter>Source Files\Components</Filter>
    </ClInclude>
    <ClInclude Include="CHitBox.h">
      <Filter>Source Files\Components</Filter>
    </ClInclude>
    <ClInclude Include="CInput.h">
      <Filter>Source Files\Components</Filter>
    </ClInclude>
    <ClInclude Include="CLifeSpan.h">
      <Filter>Source Files\Components</Filter>
    </ClInclude>
    <ClInclude Include="CScore.h">
      <Filter>Source Files\Components</Filter>
    </ClInclude>
    <ClInclude Include="CSound.h">
      <Filter>Source Files\Components</Filter>
    </ClInclude>
    <ClInclude Include="CTag.h">
      <Filter>Source Files\Components</Filter>
    </ClInclude>
    <ClInclude Include="Player.h">
      <Filter>Source Files\Entity</Filter>
    </ClInclude>
    <ClInclude Include="Coin.h">
      <Filter>Source Files\Entity</Filter>
    </ClInclude>
    <ClInclude Include="Enemy.h">
      <Filter>Source Files\Entity</Filter>
    </ClInclude>
    <ClInclude Include="Particle.h">
      <Filter>Source Files\Entity</Filter>
    </ClInclude>
    <ClInclude Include="Platform.h">
      <Filter>Source Files\Entity</Filter>
    </ClInclude>
    <ClInclude Include="PowerUps.h">
      <Filter>Source Files\Entity</Filter>
    </ClInclude>
    <ClInclude Include="Projectile.h">
      <Filter>Source Files\Entity</Filter>
    </ClInclude>
    <ClInclude Include="SInput.h">
      <Filter>Source Files\Systems</Filter>
    </ClInclude>
    <ClInclude Include="SAI.h">
      <Filter>Source Files\Systems</Filter>
    </ClInclude>
    <ClInclude Include="SAnimation.h">
      <Filter>Source Files\Systems</Filter>
    </ClInclude>
    <ClInclude Include="SCollision.h">
      <Filter>Source Files\Systems</Filter>
    </ClInclude>
    <ClInclude Include="SDamage.h">
      <Filter>Source Files\Systems</Filter>
    </ClInclude>
    <ClInclude Include="SGameState.h">
      <Filter>Source Files\Systems</Filter>
    </ClInclude>
    <ClInclude Include="SLevelLoader.h">
      <Filter>Source Files\Systems</Filter>
    </ClInclude>
    <ClInclude Include="SMovement.h">
      <Filter>Source Files\Systems</Filter>
    </ClInclude>
    <ClInclude Include="SParticle.h">
      <Filter>Source Files\Systems</Filter>
    </ClInclude>
    <ClInclude Include="SPhysics.h">
      <Filter>Source Files\Systems</Filter>
    </ClInclude>
    <ClInclude Include="SRender.h">
      <Filter>Source Files\Systems</Filter>
    </ClInclude>
    <ClInclude Include="SSound.h">
      <Filter>Source Files\Systems</Filter>
    </ClInclude>
    <ClInclude Include="SSpawner.h">
      <Filter>Source Files\Systems</Filter>
    </ClInclude>
    <ClInclude Include="Scene.h">
      <Filter>Source Files\Scenes</Filter>
    </ClInclude>
    <ClInclude Include="Scene_Menu.h">
      <Filter>Source Files\Scenes</Filter>
    </ClInclude>
    <ClInclude Include="Scene_Game.h">
      <Filter>Source Files\Scenes</Filter>
    </ClInclude>
    <ClInclude Include="Scene_GameOver.h">
      <Filter>Source Files\Scenes</Filter>
    </ClInclude>
    <ClInclude Include="Game.h">
      <Filter>Header Files</Filter>
    </ClInclude>
    <ClInclude Include="Typesdef.h">
      <Filter>Source Files</Filter>
    </ClInclude>
    <ClInclude Include="CShape.h">
      <Filter>Source Files\Components</Filter>
    </ClInclude>
    <ClInclude Include="ComponentPool.h">
      <Filter>Source Files\Components</Filter>
    </ClInclude>
    <ClInclude Include="Entity.h">
      <Filter>Source Files\Entity</Filter>
    </ClInclude>
    <ClInclude Include="EntityManager.h">
      <Filter>Source Files\Entity</Filter>
    </ClInclude>
    <ClInclude Include="System.h">
      <Filter>Source Files\Systems</Filter>
    </ClInclude>
    <ClInclude Include="Tilemap.h">
      <Filter>Source Files\Scenes</Filter>
    </ClInclude>
    <ClInclude Include="SGravity.h">
      <Filter>Source Files\Systems</Filter>
    </ClInclude>
    <ClInclude Include="SHitbox.h">
      <Filter>Source Files\Systems</Filter>
    </ClInclude>
    <ClInclude Include="SLifespan.h">
      <Filter>Source Files\Systems</Filter>
    </ClInclude>
    <ClInclude Include="SScore.h">
      <Filter>Source Files\Systems</Filter>
    </ClInclude>
    <ClInclude Include="Assetsmanager.h">
      <Filter>Source Files\Assets</Filter>
    </ClInclude>
    <ClInclude Include="CTileMap.h">
      <Filter>Source Files\Components</Filter>
    </ClInclude>
    <ClInclude Include="STileRender.h">
      <Filter>Source Files\Systems</Filter>
    </ClInclude>
  </ItemGroup>
</Project>